// !$*UTF8*$!
{
	archiveVersion = 1;
	classes = {
	};
	objectVersion = 46;
	objects = {

/* Begin PBXBuildFile section */
		D28B4C251939C83500A61AAB /* Foundation.framework in Frameworks */ = {isa = PBXBuildFile; fileRef = D28B4C241939C83500A61AAB /* Foundation.framework */; };
		D28B4C271939C83500A61AAB /* CoreGraphics.framework in Frameworks */ = {isa = PBXBuildFile; fileRef = D28B4C261939C83500A61AAB /* CoreGraphics.framework */; };
		D28B4C291939C83500A61AAB /* UIKit.framework in Frameworks */ = {isa = PBXBuildFile; fileRef = D28B4C281939C83500A61AAB /* UIKit.framework */; };
		D28B4C2F1939C83500A61AAB /* InfoPlist.strings in Resources */ = {isa = PBXBuildFile; fileRef = D28B4C2D1939C83500A61AAB /* InfoPlist.strings */; };
		D28B4C311939C83500A61AAB /* main.m in Sources */ = {isa = PBXBuildFile; fileRef = D28B4C301939C83500A61AAB /* main.m */; };
		D28B4C351939C83500A61AAB /* SSAppDelegate.m in Sources */ = {isa = PBXBuildFile; fileRef = D28B4C341939C83500A61AAB /* SSAppDelegate.m */; };
		D28B4C381939C83500A61AAB /* Main_iPhone.storyboard in Resources */ = {isa = PBXBuildFile; fileRef = D28B4C361939C83500A61AAB /* Main_iPhone.storyboard */; };
		D28B4C401939C83500A61AAB /* Images.xcassets in Resources */ = {isa = PBXBuildFile; fileRef = D28B4C3F1939C83500A61AAB /* Images.xcassets */; };
		D28B4C471939C83600A61AAB /* XCTest.framework in Frameworks */ = {isa = PBXBuildFile; fileRef = D28B4C461939C83600A61AAB /* XCTest.framework */; };
		D28B4C481939C83600A61AAB /* Foundation.framework in Frameworks */ = {isa = PBXBuildFile; fileRef = D28B4C241939C83500A61AAB /* Foundation.framework */; };
		D28B4C491939C83600A61AAB /* UIKit.framework in Frameworks */ = {isa = PBXBuildFile; fileRef = D28B4C281939C83500A61AAB /* UIKit.framework */; };
		D28B4C511939C83600A61AAB /* InfoPlist.strings in Resources */ = {isa = PBXBuildFile; fileRef = D28B4C4F1939C83600A61AAB /* InfoPlist.strings */; };
		D28B4C531939C83600A61AAB /* SplitControllerAnimationDemoTests.m in Sources */ = {isa = PBXBuildFile; fileRef = D28B4C521939C83600A61AAB /* SplitControllerAnimationDemoTests.m */; };
		D28B4C5E1939C8B500A61AAB /* SplitViewController.m in Sources */ = {isa = PBXBuildFile; fileRef = D28B4C5D1939C8B500A61AAB /* SplitViewController.m */; };
		D28B4C611939C8BC00A61AAB /* BackViewController.m in Sources */ = {isa = PBXBuildFile; fileRef = D28B4C601939C8BC00A61AAB /* BackViewController.m */; };
		D28B4C641939C8C300A61AAB /* FrontViewController.m in Sources */ = {isa = PBXBuildFile; fileRef = D28B4C631939C8C300A61AAB /* FrontViewController.m */; };
/* End PBXBuildFile section */

/* Begin PBXContainerItemProxy section */
		D28B4C4A1939C83600A61AAB /* PBXContainerItemProxy */ = {
			isa = PBXContainerItemProxy;
			containerPortal = D28B4C191939C83500A61AAB /* Project object */;
			proxyType = 1;
			remoteGlobalIDString = D28B4C201939C83500A61AAB;
			remoteInfo = SplitControllerAnimationDemo;
		};
/* End PBXContainerItemProxy section */

/* Begin PBXFileReference section */
		D28B4C211939C83500A61AAB /* SplitControllerAnimationDemo.app */ = {isa = PBXFileReference; explicitFileType = wrapper.application; includeInIndex = 0; path = SplitControllerAnimationDemo.app; sourceTree = BUILT_PRODUCTS_DIR; };
		D28B4C241939C83500A61AAB /* Foundation.framework */ = {isa = PBXFileReference; lastKnownFileType = wrapper.framework; name = Foundation.framework; path = System/Library/Frameworks/Foundation.framework; sourceTree = SDKROOT; };
		D28B4C261939C83500A61AAB /* CoreGraphics.framework */ = {isa = PBXFileReference; lastKnownFileType = wrapper.framework; name = CoreGraphics.framework; path = System/Library/Frameworks/CoreGraphics.framework; sourceTree = SDKROOT; };
		D28B4C281939C83500A61AAB /* UIKit.framework */ = {isa = PBXFileReference; lastKnownFileType = wrapper.framework; name = UIKit.framework; path = System/Library/Frameworks/UIKit.framework; sourceTree = SDKROOT; };
		D28B4C2C1939C83500A61AAB /* SplitControllerAnimationDemo-Info.plist */ = {isa = PBXFileReference; lastKnownFileType = text.plist.xml; path = "SplitControllerAnimationDemo-Info.plist"; sourceTree = "<group>"; };
		D28B4C2E1939C83500A61AAB /* en */ = {isa = PBXFileReference; lastKnownFileType = text.plist.strings; name = en; path = en.lproj/InfoPlist.strings; sourceTree = "<group>"; };
		D28B4C301939C83500A61AAB /* main.m */ = {isa = PBXFileReference; lastKnownFileType = sourcecode.c.objc; path = main.m; sourceTree = "<group>"; };
		D28B4C321939C83500A61AAB /* SplitControllerAnimationDemo-Prefix.pch */ = {isa = PBXFileReference; lastKnownFileType = sourcecode.c.h; path = "SplitControllerAnimationDemo-Prefix.pch"; sourceTree = "<group>"; };
		D28B4C331939C83500A61AAB /* SSAppDelegate.h */ = {isa = PBXFileReference; lastKnownFileType = sourcecode.c.h; path = SSAppDelegate.h; sourceTree = "<group>"; };
		D28B4C341939C83500A61AAB /* SSAppDelegate.m */ = {isa = PBXFileReference; lastKnownFileType = sourcecode.c.objc; path = SSAppDelegate.m; sourceTree = "<group>"; };
		D28B4C371939C83500A61AAB /* Base */ = {isa = PBXFileReference; lastKnownFileType = file.storyboard; name = Base; path = Base.lproj/Main_iPhone.storyboard; sourceTree = "<group>"; };
		D28B4C3F1939C83500A61AAB /* Images.xcassets */ = {isa = PBXFileReference; lastKnownFileType = folder.assetcatalog; path = Images.xcassets; sourceTree = "<group>"; };
		D28B4C451939C83600A61AAB /* SplitControllerAnimationDemoTests.xctest */ = {isa = PBXFileReference; explicitFileType = wrapper.cfbundle; includeInIndex = 0; path = SplitControllerAnimationDemoTests.xctest; sourceTree = BUILT_PRODUCTS_DIR; };
		D28B4C461939C83600A61AAB /* XCTest.framework */ = {isa = PBXFileReference; lastKnownFileType = wrapper.framework; name = XCTest.framework; path = Library/Frameworks/XCTest.framework; sourceTree = DEVELOPER_DIR; };
		D28B4C4E1939C83600A61AAB /* SplitControllerAnimationDemoTests-Info.plist */ = {isa = PBXFileReference; lastKnownFileType = text.plist.xml; path = "SplitControllerAnimationDemoTests-Info.plist"; sourceTree = "<group>"; };
		D28B4C501939C83600A61AAB /* en */ = {isa = PBXFileReference; lastKnownFileType = text.plist.strings; name = en; path = en.lproj/InfoPlist.strings; sourceTree = "<group>"; };
		D28B4C521939C83600A61AAB /* SplitControllerAnimationDemoTests.m */ = {isa = PBXFileReference; lastKnownFileType = sourcecode.c.objc; path = SplitControllerAnimationDemoTests.m; sourceTree = "<group>"; };
		D28B4C5C1939C8B500A61AAB /* SplitViewController.h */ = {isa = PBXFileReference; fileEncoding = 4; lastKnownFileType = sourcecode.c.h; path = SplitViewController.h; sourceTree = "<group>"; };
		D28B4C5D1939C8B500A61AAB /* SplitViewController.m */ = {isa = PBXFileReference; fileEncoding = 4; lastKnownFileType = sourcecode.c.objc; path = SplitViewController.m; sourceTree = "<group>"; };
		D28B4C5F1939C8BC00A61AAB /* BackViewController.h */ = {isa = PBXFileReference; fileEncoding = 4; lastKnownFileType = sourcecode.c.h; path = BackViewController.h; sourceTree = "<group>"; };
		D28B4C601939C8BC00A61AAB /* BackViewController.m */ = {isa = PBXFileReference; fileEncoding = 4; lastKnownFileType = sourcecode.c.objc; path = BackViewController.m; sourceTree = "<group>"; };
		D28B4C621939C8C300A61AAB /* FrontViewController.h */ = {isa = PBXFileReference; fileEncoding = 4; lastKnownFileType = sourcecode.c.h; path = FrontViewController.h; sourceTree = "<group>"; };
		D28B4C631939C8C300A61AAB /* FrontViewController.m */ = {isa = PBXFileReference; fileEncoding = 4; lastKnownFileType = sourcecode.c.objc; path = FrontViewController.m; sourceTree = "<group>"; };
/* End PBXFileReference section */

/* Begin PBXFrameworksBuildPhase section */
		D28B4C1E1939C83500A61AAB /* Frameworks */ = {
			isa = PBXFrameworksBuildPhase;
			buildActionMask = 2147483647;
			files = (
				D28B4C271939C83500A61AAB /* CoreGraphics.framework in Frameworks */,
				D28B4C291939C83500A61AAB /* UIKit.framework in Frameworks */,
				D28B4C251939C83500A61AAB /* Foundation.framework in Frameworks */,
			);
			runOnlyForDeploymentPostprocessing = 0;
		};
		D28B4C421939C83600A61AAB /* Frameworks */ = {
			isa = PBXFrameworksBuildPhase;
			buildActionMask = 2147483647;
			files = (
				D28B4C471939C83600A61AAB /* XCTest.framework in Frameworks */,
				D28B4C491939C83600A61AAB /* UIKit.framework in Frameworks */,
				D28B4C481939C83600A61AAB /* Foundation.framework in Frameworks */,
			);
			runOnlyForDeploymentPostprocessing = 0;
		};
/* End PBXFrameworksBuildPhase section */

/* Begin PBXGroup section */
		D28B4C181939C83500A61AAB = {
			isa = PBXGroup;
			children = (
				D28B4C2A1939C83500A61AAB /* SplitControllerAnimationDemo */,
				D28B4C4C1939C83600A61AAB /* SplitControllerAnimationDemoTests */,
				D28B4C231939C83500A61AAB /* Frameworks */,
				D28B4C221939C83500A61AAB /* Products */,
			);
			sourceTree = "<group>";
		};
		D28B4C221939C83500A61AAB /* Products */ = {
			isa = PBXGroup;
			children = (
				D28B4C211939C83500A61AAB /* SplitControllerAnimationDemo.app */,
				D28B4C451939C83600A61AAB /* SplitControllerAnimationDemoTests.xctest */,
			);
			name = Products;
			sourceTree = "<group>";
		};
		D28B4C231939C83500A61AAB /* Frameworks */ = {
			isa = PBXGroup;
			children = (
				D28B4C241939C83500A61AAB /* Foundation.framework */,
				D28B4C261939C83500A61AAB /* CoreGraphics.framework */,
				D28B4C281939C83500A61AAB /* UIKit.framework */,
				D28B4C461939C83600A61AAB /* XCTest.framework */,
			);
			name = Frameworks;
			sourceTree = "<group>";
		};
		D28B4C2A1939C83500A61AAB /* SplitControllerAnimationDemo */ = {
			isa = PBXGroup;
			children = (
				D28B4C331939C83500A61AAB /* SSAppDelegate.h */,
				D28B4C341939C83500A61AAB /* SSAppDelegate.m */,
				D28B4C361939C83500A61AAB /* Main_iPhone.storyboard */,
				D28B4C5C1939C8B500A61AAB /* SplitViewController.h */,
				D28B4C5D1939C8B500A61AAB /* SplitViewController.m */,
				D28B4C5F1939C8BC00A61AAB /* BackViewController.h */,
				D28B4C601939C8BC00A61AAB /* BackViewController.m */,
				D28B4C621939C8C300A61AAB /* FrontViewController.h */,
				D28B4C631939C8C300A61AAB /* FrontViewController.m */,
				D28B4C3F1939C83500A61AAB /* Images.xcassets */,
				D28B4C2B1939C83500A61AAB /* Supporting Files */,
			);
			path = SplitControllerAnimationDemo;
			sourceTree = "<group>";
		};
		D28B4C2B1939C83500A61AAB /* Supporting Files */ = {
			isa = PBXGroup;
			children = (
				D28B4C2C1939C83500A61AAB /* SplitControllerAnimationDemo-Info.plist */,
				D28B4C2D1939C83500A61AAB /* InfoPlist.strings */,
				D28B4C301939C83500A61AAB /* main.m */,
				D28B4C321939C83500A61AAB /* SplitControllerAnimationDemo-Prefix.pch */,
			);
			name = "Supporting Files";
			sourceTree = "<group>";
		};
		D28B4C4C1939C83600A61AAB /* SplitControllerAnimationDemoTests */ = {
			isa = PBXGroup;
			children = (
				D28B4C521939C83600A61AAB /* SplitControllerAnimationDemoTests.m */,
				D28B4C4D1939C83600A61AAB /* Supporting Files */,
			);
			path = SplitControllerAnimationDemoTests;
			sourceTree = "<group>";
		};
		D28B4C4D1939C83600A61AAB /* Supporting Files */ = {
			isa = PBXGroup;
			children = (
				D28B4C4E1939C83600A61AAB /* SplitControllerAnimationDemoTests-Info.plist */,
				D28B4C4F1939C83600A61AAB /* InfoPlist.strings */,
			);
			name = "Supporting Files";
			sourceTree = "<group>";
		};
/* End PBXGroup section */

/* Begin PBXNativeTarget section */
		D28B4C201939C83500A61AAB /* SplitControllerAnimationDemo */ = {
			isa = PBXNativeTarget;
			buildConfigurationList = D28B4C561939C83600A61AAB /* Build configuration list for PBXNativeTarget "SplitControllerAnimationDemo" */;
			buildPhases = (
				D28B4C1D1939C83500A61AAB /* Sources */,
				D28B4C1E1939C83500A61AAB /* Frameworks */,
				D28B4C1F1939C83500A61AAB /* Resources */,
			);
			buildRules = (
			);
			dependencies = (
			);
			name = SplitControllerAnimationDemo;
			productName = SplitControllerAnimationDemo;
			productReference = D28B4C211939C83500A61AAB /* SplitControllerAnimationDemo.app */;
			productType = "com.apple.product-type.application";
		};
		D28B4C441939C83600A61AAB /* SplitControllerAnimationDemoTests */ = {
			isa = PBXNativeTarget;
			buildConfigurationList = D28B4C591939C83600A61AAB /* Build configuration list for PBXNativeTarget "SplitControllerAnimationDemoTests" */;
			buildPhases = (
				D28B4C411939C83600A61AAB /* Sources */,
				D28B4C421939C83600A61AAB /* Frameworks */,
				D28B4C431939C83600A61AAB /* Resources */,
			);
			buildRules = (
			);
			dependencies = (
				D28B4C4B1939C83600A61AAB /* PBXTargetDependency */,
			);
			name = SplitControllerAnimationDemoTests;
			productName = SplitControllerAnimationDemoTests;
			productReference = D28B4C451939C83600A61AAB /* SplitControllerAnimationDemoTests.xctest */;
			productType = "com.apple.product-type.bundle.unit-test";
		};
/* End PBXNativeTarget section */

/* Begin PBXProject section */
		D28B4C191939C83500A61AAB /* Project object */ = {
			isa = PBXProject;
			attributes = {
				CLASSPREFIX = SS;
				LastUpgradeCheck = 0510;
				ORGANIZATIONNAME = "Steven Stevenson";
				TargetAttributes = {
					D28B4C441939C83600A61AAB = {
						TestTargetID = D28B4C201939C83500A61AAB;
					};
				};
			};
			buildConfigurationList = D28B4C1C1939C83500A61AAB /* Build configuration list for PBXProject "SplitControllerAnimationDemo" */;
			compatibilityVersion = "Xcode 3.2";
			developmentRegion = English;
			hasScannedForEncodings = 0;
			knownRegions = (
				en,
				Base,
			);
			mainGroup = D28B4C181939C83500A61AAB;
			productRefGroup = D28B4C221939C83500A61AAB /* Products */;
			projectDirPath = "";
			projectRoot = "";
			targets = (
				D28B4C201939C83500A61AAB /* SplitControllerAnimationDemo */,
				D28B4C441939C83600A61AAB /* SplitControllerAnimationDemoTests */,
			);
		};
/* End PBXProject section */

/* Begin PBXResourcesBuildPhase section */
		D28B4C1F1939C83500A61AAB /* Resources */ = {
			isa = PBXResourcesBuildPhase;
			buildActionMask = 2147483647;
			files = (
				D28B4C401939C83500A61AAB /* Images.xcassets in Resources */,
				D28B4C381939C83500A61AAB /* Main_iPhone.storyboard in Resources */,
				D28B4C2F1939C83500A61AAB /* InfoPlist.strings in Resources */,
			);
			runOnlyForDeploymentPostprocessing = 0;
		};
		D28B4C431939C83600A61AAB /* Resources */ = {
			isa = PBXResourcesBuildPhase;
			buildActionMask = 2147483647;
			files = (
				D28B4C511939C83600A61AAB /* InfoPlist.strings in Resources */,
			);
			runOnlyForDeploymentPostprocessing = 0;
		};
/* End PBXResourcesBuildPhase section */

/* Begin PBXSourcesBuildPhase section */
		D28B4C1D1939C83500A61AAB /* Sources */ = {
			isa = PBXSourcesBuildPhase;
			buildActionMask = 2147483647;
			files = (
				D28B4C351939C83500A61AAB /* SSAppDelegate.m in Sources */,
				D28B4C5E1939C8B500A61AAB /* SplitViewController.m in Sources */,
				D28B4C311939C83500A61AAB /* main.m in Sources */,
				D28B4C611939C8BC00A61AAB /* BackViewController.m in Sources */,
				D28B4C641939C8C300A61AAB /* FrontViewController.m in Sources */,
			);
			runOnlyForDeploymentPostprocessing = 0;
		};
		D28B4C411939C83600A61AAB /* Sources */ = {
			isa = PBXSourcesBuildPhase;
			buildActionMask = 2147483647;
			files = (
				D28B4C531939C83600A61AAB /* SplitControllerAnimationDemoTests.m in Sources */,
			);
			runOnlyForDeploymentPostprocessing = 0;
		};
/* End PBXSourcesBuildPhase section */

/* Begin PBXTargetDependency section */
		D28B4C4B1939C83600A61AAB /* PBXTargetDependency */ = {
			isa = PBXTargetDependency;
			target = D28B4C201939C83500A61AAB /* SplitControllerAnimationDemo */;
			targetProxy = D28B4C4A1939C83600A61AAB /* PBXContainerItemProxy */;
		};
/* End PBXTargetDependency section */

/* Begin PBXVariantGroup section */
		D28B4C2D1939C83500A61AAB /* InfoPlist.strings */ = {
			isa = PBXVariantGroup;
			children = (
				D28B4C2E1939C83500A61AAB /* en */,
			);
			name = InfoPlist.strings;
			sourceTree = "<group>";
		};
		D28B4C361939C83500A61AAB /* Main_iPhone.storyboard */ = {
			isa = PBXVariantGroup;
			children = (
				D28B4C371939C83500A61AAB /* Base */,
			);
			name = Main_iPhone.storyboard;
			sourceTree = "<group>";
		};
		D28B4C4F1939C83600A61AAB /* InfoPlist.strings */ = {
			isa = PBXVariantGroup;
			children = (
				D28B4C501939C83600A61AAB /* en */,
			);
			name = InfoPlist.strings;
			sourceTree = "<group>";
		};
/* End PBXVariantGroup section */

/* Begin XCBuildConfiguration section */
		D28B4C541939C83600A61AAB /* Debug */ = {
			isa = XCBuildConfiguration;
			buildSettings = {
				ALWAYS_SEARCH_USER_PATHS = NO;
				CLANG_CXX_LANGUAGE_STANDARD = "gnu++0x";
				CLANG_CXX_LIBRARY = "libc++";
				CLANG_ENABLE_MODULES = YES;
				CLANG_ENABLE_OBJC_ARC = YES;
				CLANG_WARN_BOOL_CONVERSION = YES;
				CLANG_WARN_CONSTANT_CONVERSION = YES;
				CLANG_WARN_DIRECT_OBJC_ISA_USAGE = YES_ERROR;
				CLANG_WARN_EMPTY_BODY = YES;
				CLANG_WARN_ENUM_CONVERSION = YES;
				CLANG_WARN_INT_CONVERSION = YES;
				CLANG_WARN_OBJC_ROOT_CLASS = YES_ERROR;
				CLANG_WARN__DUPLICATE_METHOD_MATCH = YES;
				"CODE_SIGN_IDENTITY[sdk=iphoneos*]" = "iPhone Developer";
				COPY_PHASE_STRIP = NO;
				GCC_C_LANGUAGE_STANDARD = gnu99;
				GCC_DYNAMIC_NO_PIC = NO;
				GCC_OPTIMIZATION_LEVEL = 0;
				GCC_PREPROCESSOR_DEFINITIONS = (
					"DEBUG=1",
					"$(inherited)",
				);
				GCC_SYMBOLS_PRIVATE_EXTERN = NO;
				GCC_WARN_64_TO_32_BIT_CONVERSION = YES;
				GCC_WARN_ABOUT_RETURN_TYPE = YES_ERROR;
				GCC_WARN_UNDECLARED_SELECTOR = YES;
				GCC_WARN_UNINITIALIZED_AUTOS = YES_AGGRESSIVE;
				GCC_WARN_UNUSED_FUNCTION = YES;
				GCC_WARN_UNUSED_VARIABLE = YES;
				IPHONEOS_DEPLOYMENT_TARGET = 7.1;
				ONLY_ACTIVE_ARCH = YES;
				SDKROOT = iphoneos;
				TARGETED_DEVICE_FAMILY = "1,2";
			};
			name = Debug;
		};
		D28B4C551939C83600A61AAB /* Release */ = {
			isa = XCBuildConfiguration;
			buildSettings = {
				ALWAYS_SEARCH_USER_PATHS = NO;
				CLANG_CXX_LANGUAGE_STANDARD = "gnu++0x";
				CLANG_CXX_LIBRARY = "libc++";
				CLANG_ENABLE_MODULES = YES;
				CLANG_ENABLE_OBJC_ARC = YES;
				CLANG_WARN_BOOL_CONVERSION = YES;
				CLANG_WARN_CONSTANT_CONVERSION = YES;
				CLANG_WARN_DIRECT_OBJC_ISA_USAGE = YES_ERROR;
				CLANG_WARN_EMPTY_BODY = YES;
				CLANG_WARN_ENUM_CONVERSION = YES;
				CLANG_WARN_INT_CONVERSION = YES;
				CLANG_WARN_OBJC_ROOT_CLASS = YES_ERROR;
				CLANG_WARN__DUPLICATE_METHOD_MATCH = YES;
				"CODE_SIGN_IDENTITY[sdk=iphoneos*]" = "iPhone Developer";
				COPY_PHASE_STRIP = YES;
				ENABLE_NS_ASSERTIONS = NO;
				GCC_C_LANGUAGE_STANDARD = gnu99;
				GCC_WARN_64_TO_32_BIT_CONVERSION = YES;
				GCC_WARN_ABOUT_RETURN_TYPE = YES_ERROR;
				GCC_WARN_UNDECLARED_SELECTOR = YES;
				GCC_WARN_UNINITIALIZED_AUTOS = YES_AGGRESSIVE;
				GCC_WARN_UNUSED_FUNCTION = YES;
				GCC_WARN_UNUSED_VARIABLE = YES;
				IPHONEOS_DEPLOYMENT_TARGET = 7.1;
				SDKROOT = iphoneos;
				TARGETED_DEVICE_FAMILY = "1,2";
				VALIDATE_PRODUCT = YES;
			};
			name = Release;
		};
		D28B4C571939C83600A61AAB /* Debug */ = {
			isa = XCBuildConfiguration;
			buildSettings = {
				ASSETCATALOG_COMPILER_APPICON_NAME = AppIcon;
				ASSETCATALOG_COMPILER_LAUNCHIMAGE_NAME = LaunchImage;
				GCC_PRECOMPILE_PREFIX_HEADER = YES;
				GCC_PREFIX_HEADER = "SplitControllerAnimationDemo/SplitControllerAnimationDemo-Prefix.pch";
				INFOPLIST_FILE = "SplitControllerAnimationDemo/SplitControllerAnimationDemo-Info.plist";
				PRODUCT_NAME = "$(TARGET_NAME)";
				TARGETED_DEVICE_FAMILY = 1;
				WRAPPER_EXTENSION = app;
			};
			name = Debug;
		};
		D28B4C581939C83600A61AAB /* Release */ = {
			isa = XCBuildConfiguration;
			buildSettings = {
				ASSETCATALOG_COMPILER_APPICON_NAME = AppIcon;
				ASSETCATALOG_COMPILER_LAUNCHIMAGE_NAME = LaunchImage;
				GCC_PRECOMPILE_PREFIX_HEADER = YES;
				GCC_PREFIX_HEADER = "SplitControllerAnimationDemo/SplitControllerAnimationDemo-Prefix.pch";
				INFOPLIST_FILE = "SplitControllerAnimationDemo/SplitControllerAnimationDemo-Info.plist";
				PRODUCT_NAME = "$(TARGET_NAME)";
				TARGETED_DEVICE_FAMILY = 1;
				WRAPPER_EXTENSION = app;
			};
			name = Release;
		};
		D28B4C5A1939C83600A61AAB /* Debug */ = {
			isa = XCBuildConfiguration;
			buildSettings = {
				BUNDLE_LOADER = "$(BUILT_PRODUCTS_DIR)/SplitControllerAnimationDemo.app/SplitControllerAnimationDemo";
				FRAMEWORK_SEARCH_PATHS = (
					"$(SDKROOT)/Developer/Library/Frameworks",
					"$(inherited)",
					"$(DEVELOPER_FRAMEWORKS_DIR)",
				);
				GCC_PRECOMPILE_PREFIX_HEADER = YES;
				GCC_PREFIX_HEADER = "SplitControllerAnimationDemo/SplitControllerAnimationDemo-Prefix.pch";
				GCC_PREPROCESSOR_DEFINITIONS = (
					"DEBUG=1",
					"$(inherited)",
				);
				INFOPLIST_FILE = "SplitControllerAnimationDemoTests/SplitControllerAnimationDemoTests-Info.plist";
				PRODUCT_NAME = "$(TARGET_NAME)";
				TEST_HOST = "$(BUNDLE_LOADER)";
				WRAPPER_EXTENSION = xctest;
			};
			name = Debug;
		};
		D28B4C5B1939C83600A61AAB /* Release */ = {
			isa = XCBuildConfiguration;
			buildSettings = {
				BUNDLE_LOADER = "$(BUILT_PRODUCTS_DIR)/SplitControllerAnimationDemo.app/SplitControllerAnimationDemo";
				FRAMEWORK_SEARCH_PATHS = (
					"$(SDKROOT)/Developer/Library/Frameworks",
					"$(inherited)",
					"$(DEVELOPER_FRAMEWORKS_DIR)",
				);
				GCC_PRECOMPILE_PREFIX_HEADER = YES;
				GCC_PREFIX_HEADER = "SplitControllerAnimationDemo/SplitControllerAnimationDemo-Prefix.pch";
				INFOPLIST_FILE = "SplitControllerAnimationDemoTests/SplitControllerAnimationDemoTests-Info.plist";
				PRODUCT_NAME = "$(TARGET_NAME)";
				TEST_HOST = "$(BUNDLE_LOADER)";
				WRAPPER_EXTENSION = xctest;
			};
			name = Release;
		};
/* End XCBuildConfiguration section */

/* Begin XCConfigurationList section */
		D28B4C1C1939C83500A61AAB /* Build configuration list for PBXProject "SplitControllerAnimationDemo" */ = {
			isa = XCConfigurationList;
			buildConfigurations = (
				D28B4C541939C83600A61AAB /* Debug */,
				D28B4C551939C83600A61AAB /* Release */,
			);
			defaultConfigurationIsVisible = 0;
			defaultConfigurationName = Release;
		};
		D28B4C561939C83600A61AAB /* Build configuration list for PBXNativeTarget "SplitControllerAnimationDemo" */ = {
			isa = XCConfigurationList;
			buildConfigurations = (
				D28B4C571939C83600A61AAB /* Debug */,
				D28B4C581939C83600A61AAB /* Release */,
			);
			defaultConfigurationIsVisible = 0;
		};
		D28B4C591939C83600A61AAB /* Build configuration list for PBXNativeTarget "SplitControllerAnimationDemoTests" */ = {
			isa = XCConfigurationList;
			buildConfigurations = (
				D28B4C5A1939C83600A61AAB /* Debug */,
				D28B4C5B1939C83600A61AAB /* Release */,
			);
			defaultConfigurationIsVisible = 0;
		};
/* End XCConfigurationList section */
	};
	rootObject = D28B4C191939C83500A61AAB /* Project object */;
}
